Microsoft Visual Studio Solution File, Format Version 12.00
# Visual Studio Version 17
VisualStudioVersion = 17.5.2.0
MinimumVisualStudioVersion = 10.0.40219.1
Project("{FAE04EC0-301F-11D3-BF4B-00C04F79EFBC}") = "StudentManagementMVC", "Basic MVC\StudentManagementMVC.csproj", "{59B9E5E1-288F-132E-F9BA-7A4923C2A1FE}"
EndProject
Global
	GlobalSection(SolutionConfigurationPlatforms) = preSolution
		Debug|Any CPU = Debug|Any CPU
		Release|Any CPU = Release|Any CPU
	EndGlobalSection
	GlobalSection(ProjectConfigurationPlatforms) = postSolution
		{59B9E5E1-288F-132E-F9BA-7A4923C2A1FE}.Debug|Any CPU.ActiveCfg = Debug|Any CPU
		{59B9E5E1-288F-132E-F9BA-7A4923C2A1FE}.Debug|Any CPU.Build.0 = Debug|Any CPU
		{59B9E5E1-288F-132E-F9BA-7A4923C2A1FE}.Release|Any CPU.ActiveCfg = Release|Any CPU
		{59B9E5E1-288F-132E-F9BA-7A4923C2A1FE}.Release|Any CPU.Build.0 = Release|Any CPU
	EndGlobalSection
	GlobalSection(SolutionProperties) = preSolution
		HideSolutionNode = FALSE
	EndGlobalSection
	GlobalSection(ExtensibilityGlobals) = postSolution
		SolutionGuid = {174E8C16-9EEA-4F3E-9738-ECBB660DF541}
	EndGlobalSection
EndGlobal
